
Microsoft Visual Studio Solution File, Format Version 12.00
# Visual Studio Version 16
VisualStudioVersion = 16.0.31205.134
MinimumVisualStudioVersion = 10.0.40219.1
Project("{9A19103F-16F7-4668-BE54-9A1E7A4F7556}") = "WarehouseTestAPI", "WarehouseTestAPI\WarehouseTestAPI.csproj", "{289F2444-4964-4043-8700-E7802E492ED6}"
EndProject
Project("{FAE04EC0-301F-11D3-BF4B-00C04F79EFBC}") = "DataModel", "DataModel\DataModel.csproj", "{3D43E0AA-0464-4A0A-A665-F1583D8B72A5}"
EndProject
Global
	GlobalSection(SolutionConfigurationPlatforms) = preSolution
		Debug|Any CPU = Debug|Any CPU
		Release|Any CPU = Release|Any CPU
	EndGlobalSection
	GlobalSection(ProjectConfigurationPlatforms) = postSolution
		{289F2444-4964-4043-8700-E7802E492ED6}.Debug|Any CPU.ActiveCfg = Debug|Any CPU
		{289F2444-4964-4043-8700-E7802E492ED6}.Debug|Any CPU.Build.0 = Debug|Any CPU
		{289F2444-4964-4043-8700-E7802E492ED6}.Release|Any CPU.ActiveCfg = Release|Any CPU
		{289F2444-4964-4043-8700-E7802E492ED6}.Release|Any CPU.Build.0 = Release|Any CPU
		{3D43E0AA-0464-4A0A-A665-F1583D8B72A5}.Debug|Any CPU.ActiveCfg = Debug|Any CPU
		{3D43E0AA-0464-4A0A-A665-F1583D8B72A5}.Debug|Any CPU.Build.0 = Debug|Any CPU
		{3D43E0AA-0464-4A0A-A665-F1583D8B72A5}.Release|Any CPU.ActiveCfg = Release|Any CPU
		{3D43E0AA-0464-4A0A-A665-F1583D8B72A5}.Release|Any CPU.Build.0 = Release|Any CPU
	EndGlobalSection
	GlobalSection(SolutionProperties) = preSolution
		HideSolutionNode = FALSE
	EndGlobalSection
	GlobalSection(ExtensibilityGlobals) = postSolution
		SolutionGuid = {DB130B90-9F34-4C73-BFE8-B7968230F40B}
	EndGlobalSection
EndGlobal
